
Microsoft Visual Studio Solution File, Format Version 12.00
Project("{FAE04EC0-301F-11D3-BF4B-00C04F79EFBC}") = "Packed.Data.Core", "Packed.Data.Core\Packed.Data.Core.csproj", "{ECED22C4-EAF2-4627-8D56-D68AD6C5065F}"
EndProject
Global
	GlobalSection(SolutionConfigurationPlatforms) = preSolution
		Debug|Any CPU = Debug|Any CPU
		Release|Any CPU = Release|Any CPU
	EndGlobalSection
	GlobalSection(ProjectConfigurationPlatforms) = postSolution
		{ECED22C4-EAF2-4627-8D56-D68AD6C5065F}.Debug|Any CPU.ActiveCfg = Debug|Any CPU
		{ECED22C4-EAF2-4627-8D56-D68AD6C5065F}.Debug|Any CPU.Build.0 = Debug|Any CPU
		{ECED22C4-EAF2-4627-8D56-D68AD6C5065F}.Release|Any CPU.ActiveCfg = Release|Any CPU
		{ECED22C4-EAF2-4627-8D56-D68AD6C5065F}.Release|Any CPU.Build.0 = Release|Any CPU
	EndGlobalSection
EndGlobal
