
Microsoft Visual Studio Solution File, Format Version 12.00
Project("{FAE04EC0-301F-11D3-BF4B-00C04F79EFBC}") = "Packed.Data.Core", "Packed.Data.Core\Packed.Data.Core.csproj", "{ECED22C4-EAF2-4627-8D56-D68AD6C5065F}"
EndProject
Project("{FAE04EC0-301F-11D3-BF4B-00C04F79EFBC}") = "Packed.Data.EntityFramework", "Packed.Data.EntityFramework\Packed.Data.EntityFramework.csproj", "{F1B1F111-2161-40F5-824E-3B5D29D1411A}"
EndProject
Project("{FAE04EC0-301F-11D3-BF4B-00C04F79EFBC}") = "Packed.API", "Packed.API\Packed.API.csproj", "{4DE29862-E2E8-4FCA-BD33-E6202555C0DE}"
EndProject
Project("{FAE04EC0-301F-11D3-BF4B-00C04F79EFBC}") = "Packed.API.Core", "Packed.API.Core\Packed.API.Core.csproj", "{071B2962-E709-4BDE-9E9A-6E6E0562DD5B}"
EndProject
Project("{2150E333-8FDC-42A3-9474-1A3956D46DE8}") = "API", "API", "{B8907C12-5083-487E-BFCD-0DC3C736E800}"
EndProject
Project("{2150E333-8FDC-42A3-9474-1A3956D46DE8}") = "Data", "Data", "{F4C88E87-25B6-4008-9DD9-B2769DC1E809}"
EndProject
Project("{2150E333-8FDC-42A3-9474-1A3956D46DE8}") = "Test", "Test", "{F8C368C2-4F88-467A-A88A-7C73B7C94069}"
EndProject
Project("{FAE04EC0-301F-11D3-BF4B-00C04F79EFBC}") = "Packed.Test", "Packed.Test\Packed.Test.csproj", "{74E265B8-B8D9-4085-AABC-05E0D353D753}"
EndProject
Project("{FAE04EC0-301F-11D3-BF4B-00C04F79EFBC}") = "Packed.ContractTest.Consumer", "Packed.ContractTest.Consumer\Packed.ContractTest.Consumer.csproj", "{6B5F71F8-04AB-4615-8C97-1F4DA93D8C64}"
EndProject
Project("{FAE04EC0-301F-11D3-BF4B-00C04F79EFBC}") = "Packed.API.Client", "Packed.API.Client\Packed.API.Client.csproj", "{55F843E4-8BF9-45A0-848B-CBC85537E68F}"
EndProject
Project("{FAE04EC0-301F-11D3-BF4B-00C04F79EFBC}") = "Packed.ContractTest.Shared", "Packed.ContractTest.Shared\Packed.ContractTest.Shared.csproj", "{BCC8D920-1E88-4778-B870-27EE808B3E8C}"
EndProject
Project("{FAE04EC0-301F-11D3-BF4B-00C04F79EFBC}") = "Packed.ContractTest.Provider", "Packed.ContractTest.Provider\Packed.ContractTest.Provider.csproj", "{728F5EF9-C210-4179-9AAE-EAD865E6BC99}"
EndProject
Global
	GlobalSection(SolutionConfigurationPlatforms) = preSolution
		Debug|Any CPU = Debug|Any CPU
		Release|Any CPU = Release|Any CPU
	EndGlobalSection
	GlobalSection(ProjectConfigurationPlatforms) = postSolution
		{ECED22C4-EAF2-4627-8D56-D68AD6C5065F}.Debug|Any CPU.ActiveCfg = Debug|Any CPU
		{ECED22C4-EAF2-4627-8D56-D68AD6C5065F}.Debug|Any CPU.Build.0 = Debug|Any CPU
		{ECED22C4-EAF2-4627-8D56-D68AD6C5065F}.Release|Any CPU.ActiveCfg = Release|Any CPU
		{ECED22C4-EAF2-4627-8D56-D68AD6C5065F}.Release|Any CPU.Build.0 = Release|Any CPU
		{F1B1F111-2161-40F5-824E-3B5D29D1411A}.Debug|Any CPU.ActiveCfg = Debug|Any CPU
		{F1B1F111-2161-40F5-824E-3B5D29D1411A}.Debug|Any CPU.Build.0 = Debug|Any CPU
		{F1B1F111-2161-40F5-824E-3B5D29D1411A}.Release|Any CPU.ActiveCfg = Release|Any CPU
		{F1B1F111-2161-40F5-824E-3B5D29D1411A}.Release|Any CPU.Build.0 = Release|Any CPU
		{4DE29862-E2E8-4FCA-BD33-E6202555C0DE}.Debug|Any CPU.ActiveCfg = Debug|Any CPU
		{4DE29862-E2E8-4FCA-BD33-E6202555C0DE}.Debug|Any CPU.Build.0 = Debug|Any CPU
		{4DE29862-E2E8-4FCA-BD33-E6202555C0DE}.Release|Any CPU.ActiveCfg = Release|Any CPU
		{4DE29862-E2E8-4FCA-BD33-E6202555C0DE}.Release|Any CPU.Build.0 = Release|Any CPU
		{071B2962-E709-4BDE-9E9A-6E6E0562DD5B}.Debug|Any CPU.ActiveCfg = Debug|Any CPU
		{071B2962-E709-4BDE-9E9A-6E6E0562DD5B}.Debug|Any CPU.Build.0 = Debug|Any CPU
		{071B2962-E709-4BDE-9E9A-6E6E0562DD5B}.Release|Any CPU.ActiveCfg = Release|Any CPU
		{071B2962-E709-4BDE-9E9A-6E6E0562DD5B}.Release|Any CPU.Build.0 = Release|Any CPU
		{74E265B8-B8D9-4085-AABC-05E0D353D753}.Debug|Any CPU.ActiveCfg = Debug|Any CPU
		{74E265B8-B8D9-4085-AABC-05E0D353D753}.Debug|Any CPU.Build.0 = Debug|Any CPU
		{74E265B8-B8D9-4085-AABC-05E0D353D753}.Release|Any CPU.ActiveCfg = Release|Any CPU
		{74E265B8-B8D9-4085-AABC-05E0D353D753}.Release|Any CPU.Build.0 = Release|Any CPU
		{6B5F71F8-04AB-4615-8C97-1F4DA93D8C64}.Debug|Any CPU.ActiveCfg = Debug|Any CPU
		{6B5F71F8-04AB-4615-8C97-1F4DA93D8C64}.Debug|Any CPU.Build.0 = Debug|Any CPU
		{6B5F71F8-04AB-4615-8C97-1F4DA93D8C64}.Release|Any CPU.ActiveCfg = Release|Any CPU
		{6B5F71F8-04AB-4615-8C97-1F4DA93D8C64}.Release|Any CPU.Build.0 = Release|Any CPU
		{55F843E4-8BF9-45A0-848B-CBC85537E68F}.Debug|Any CPU.ActiveCfg = Debug|Any CPU
		{55F843E4-8BF9-45A0-848B-CBC85537E68F}.Debug|Any CPU.Build.0 = Debug|Any CPU
		{55F843E4-8BF9-45A0-848B-CBC85537E68F}.Release|Any CPU.ActiveCfg = Release|Any CPU
		{55F843E4-8BF9-45A0-848B-CBC85537E68F}.Release|Any CPU.Build.0 = Release|Any CPU
		{BCC8D920-1E88-4778-B870-27EE808B3E8C}.Debug|Any CPU.ActiveCfg = Debug|Any CPU
		{BCC8D920-1E88-4778-B870-27EE808B3E8C}.Debug|Any CPU.Build.0 = Debug|Any CPU
		{BCC8D920-1E88-4778-B870-27EE808B3E8C}.Release|Any CPU.ActiveCfg = Release|Any CPU
		{BCC8D920-1E88-4778-B870-27EE808B3E8C}.Release|Any CPU.Build.0 = Release|Any CPU
		{728F5EF9-C210-4179-9AAE-EAD865E6BC99}.Debug|Any CPU.ActiveCfg = Debug|Any CPU
		{728F5EF9-C210-4179-9AAE-EAD865E6BC99}.Debug|Any CPU.Build.0 = Debug|Any CPU
		{728F5EF9-C210-4179-9AAE-EAD865E6BC99}.Release|Any CPU.ActiveCfg = Release|Any CPU
		{728F5EF9-C210-4179-9AAE-EAD865E6BC99}.Release|Any CPU.Build.0 = Release|Any CPU
	EndGlobalSection
	GlobalSection(NestedProjects) = preSolution
		{4DE29862-E2E8-4FCA-BD33-E6202555C0DE} = {B8907C12-5083-487E-BFCD-0DC3C736E800}
		{071B2962-E709-4BDE-9E9A-6E6E0562DD5B} = {B8907C12-5083-487E-BFCD-0DC3C736E800}
		{F1B1F111-2161-40F5-824E-3B5D29D1411A} = {F4C88E87-25B6-4008-9DD9-B2769DC1E809}
		{ECED22C4-EAF2-4627-8D56-D68AD6C5065F} = {F4C88E87-25B6-4008-9DD9-B2769DC1E809}
		{74E265B8-B8D9-4085-AABC-05E0D353D753} = {F8C368C2-4F88-467A-A88A-7C73B7C94069}
		{6B5F71F8-04AB-4615-8C97-1F4DA93D8C64} = {F8C368C2-4F88-467A-A88A-7C73B7C94069}
		{55F843E4-8BF9-45A0-848B-CBC85537E68F} = {B8907C12-5083-487E-BFCD-0DC3C736E800}
		{BCC8D920-1E88-4778-B870-27EE808B3E8C} = {F8C368C2-4F88-467A-A88A-7C73B7C94069}
		{728F5EF9-C210-4179-9AAE-EAD865E6BC99} = {F8C368C2-4F88-467A-A88A-7C73B7C94069}
	EndGlobalSection
EndGlobal
